<?xml version="1.0" encoding="utf-8"?>
<Project ToolsVersion="4.0" xmlns="http://schemas.microsoft.com/developer/msbuild/2003">
  <ItemGroup>
    <ClCompile Include="StateGenerator.cpp" />
    <ClCompile Include="TestCpp.cpp" />
  </ItemGroup>
  <ItemGroup>
    <ClInclude Include="BoardState.h" />
    <ClInclude Include="MinMax.h" />
    <ClInclude Include="Multithreading\ParallelJobExecutor.h" />
    <ClInclude Include="Multithreading\Semaphore.h" />
    <ClInclude Include="StateGenerator.h" />
    <ClCompile Include="TestCpp.cpp">
      <Filter>Source Files</Filter>
    </ClCompile>
  </ItemGroup>
  <ItemGroup>
    <ClInclude Include="StateGenerator.h">
      <Filter>Header Files</Filter>
    </ClInclude>
    <ClInclude Include="Multithreading\Semaphore.h">
      <Filter>Header Files\Multithreading</Filter>
    </ClInclude>
    <ClInclude Include="MinMax.h">
      <Filter>Header Files</Filter>
    </ClInclude>
    <ClInclude Include="Multithreading\ParallelJobExecutor.h">
      <Filter>Header Files\Multithreading</Filter>
    </ClInclude>
    <ClInclude Include="BoardState.h">
      <Filter>Header Files</Filter>
    </ClInclude>
    <ClInclude Include="MemoryUsageGuard.h">
      <Filter>Header Files</Filter>
    </ClInclude>
  </ItemGroup>
</Project>